
Microsoft Visual Studio Solution File, Format Version 12.00
# Visual Studio Version 16
VisualStudioVersion = 16.0.29709.97
MinimumVisualStudioVersion = 10.0.40219.1
Project("{FAE04EC0-301F-11D3-BF4B-00C04F79EFBC}") = "praktik-5-1", "praktik-5-1.csproj", "{4E910EB4-9825-49B3-AA9F-0D2967D1C13D}"
EndProject
Global
	GlobalSection(SolutionConfigurationPlatforms) = preSolution
		Debug|Any CPU = Debug|Any CPU
		Release|Any CPU = Release|Any CPU
	EndGlobalSection
	GlobalSection(ProjectConfigurationPlatforms) = postSolution
		{4E910EB4-9825-49B3-AA9F-0D2967D1C13D}.Debug|Any CPU.ActiveCfg = Debug|Any CPU
		{4E910EB4-9825-49B3-AA9F-0D2967D1C13D}.Debug|Any CPU.Build.0 = Debug|Any CPU
		{4E910EB4-9825-49B3-AA9F-0D2967D1C13D}.Release|Any CPU.ActiveCfg = Release|Any CPU
		{4E910EB4-9825-49B3-AA9F-0D2967D1C13D}.Release|Any CPU.Build.0 = Release|Any CPU
	EndGlobalSection
	GlobalSection(SolutionProperties) = preSolution
		HideSolutionNode = FALSE
	EndGlobalSection
	GlobalSection(ExtensibilityGlobals) = postSolution
		SolutionGuid = {3C0D9235-8E57-4CF3-81D6-7CED0F6E5A56}
	EndGlobalSection
EndGlobal
