
Microsoft Visual Studio Solution File, Format Version 12.00
# Visual Studio Version 16
VisualStudioVersion = 16.0.29709.97
MinimumVisualStudioVersion = 10.0.40219.1
Project("{FAE04EC0-301F-11D3-BF4B-00C04F79EFBC}") = "praktika-2-3", "praktika-2-3.csproj", "{77521EE4-0601-4236-9BCC-22D13EA24CD7}"
EndProject
Global
	GlobalSection(SolutionConfigurationPlatforms) = preSolution
		Debug|Any CPU = Debug|Any CPU
		Release|Any CPU = Release|Any CPU
	EndGlobalSection
	GlobalSection(ProjectConfigurationPlatforms) = postSolution
		{77521EE4-0601-4236-9BCC-22D13EA24CD7}.Debug|Any CPU.ActiveCfg = Debug|Any CPU
		{77521EE4-0601-4236-9BCC-22D13EA24CD7}.Debug|Any CPU.Build.0 = Debug|Any CPU
		{77521EE4-0601-4236-9BCC-22D13EA24CD7}.Release|Any CPU.ActiveCfg = Release|Any CPU
		{77521EE4-0601-4236-9BCC-22D13EA24CD7}.Release|Any CPU.Build.0 = Release|Any CPU
	EndGlobalSection
	GlobalSection(SolutionProperties) = preSolution
		HideSolutionNode = FALSE
	EndGlobalSection
	GlobalSection(ExtensibilityGlobals) = postSolution
		SolutionGuid = {B3232298-1FE4-4024-BD8F-15E682553470}
	EndGlobalSection
EndGlobal
