
Microsoft Visual Studio Solution File, Format Version 12.00
# Visual Studio Version 16
VisualStudioVersion = 16.0.29709.97
MinimumVisualStudioVersion = 10.0.40219.1
Project("{FAE04EC0-301F-11D3-BF4B-00C04F79EFBC}") = "prektika-2", "prektika-2.csproj", "{E8811148-5263-4684-9AB9-8885C0B98B42}"
EndProject
Global
	GlobalSection(SolutionConfigurationPlatforms) = preSolution
		Debug|Any CPU = Debug|Any CPU
		Release|Any CPU = Release|Any CPU
	EndGlobalSection
	GlobalSection(ProjectConfigurationPlatforms) = postSolution
		{E8811148-5263-4684-9AB9-8885C0B98B42}.Debug|Any CPU.ActiveCfg = Debug|Any CPU
		{E8811148-5263-4684-9AB9-8885C0B98B42}.Debug|Any CPU.Build.0 = Debug|Any CPU
		{E8811148-5263-4684-9AB9-8885C0B98B42}.Release|Any CPU.ActiveCfg = Release|Any CPU
		{E8811148-5263-4684-9AB9-8885C0B98B42}.Release|Any CPU.Build.0 = Release|Any CPU
	EndGlobalSection
	GlobalSection(SolutionProperties) = preSolution
		HideSolutionNode = FALSE
	EndGlobalSection
	GlobalSection(ExtensibilityGlobals) = postSolution
		SolutionGuid = {8BBE20C1-9905-41DE-BC1E-A7C74C6534B1}
	EndGlobalSection
EndGlobal
