
Microsoft Visual Studio Solution File, Format Version 12.00
# Visual Studio Version 16
VisualStudioVersion = 16.0.29709.97
MinimumVisualStudioVersion = 10.0.40219.1
Project("{FAE04EC0-301F-11D3-BF4B-00C04F79EFBC}") = "praktika-5-2", "praktika-5-2.csproj", "{9BB0C453-FC5F-493E-8E82-D4BFFA37E63A}"
EndProject
Global
	GlobalSection(SolutionConfigurationPlatforms) = preSolution
		Debug|Any CPU = Debug|Any CPU
		Release|Any CPU = Release|Any CPU
	EndGlobalSection
	GlobalSection(ProjectConfigurationPlatforms) = postSolution
		{9BB0C453-FC5F-493E-8E82-D4BFFA37E63A}.Debug|Any CPU.ActiveCfg = Debug|Any CPU
		{9BB0C453-FC5F-493E-8E82-D4BFFA37E63A}.Debug|Any CPU.Build.0 = Debug|Any CPU
		{9BB0C453-FC5F-493E-8E82-D4BFFA37E63A}.Release|Any CPU.ActiveCfg = Release|Any CPU
		{9BB0C453-FC5F-493E-8E82-D4BFFA37E63A}.Release|Any CPU.Build.0 = Release|Any CPU
	EndGlobalSection
	GlobalSection(SolutionProperties) = preSolution
		HideSolutionNode = FALSE
	EndGlobalSection
	GlobalSection(ExtensibilityGlobals) = postSolution
		SolutionGuid = {797945EA-B1FB-4B92-B343-3364F4CAB61C}
	EndGlobalSection
EndGlobal
