
Microsoft Visual Studio Solution File, Format Version 12.00
# Visual Studio Version 16
VisualStudioVersion = 16.0.29709.97
MinimumVisualStudioVersion = 10.0.40219.1
Project("{FAE04EC0-301F-11D3-BF4B-00C04F79EFBC}") = "praktika-4-1", "praktika-4-1.csproj", "{A2A0497D-7786-420A-9EC1-49CA97D4A7F2}"
EndProject
Global
	GlobalSection(SolutionConfigurationPlatforms) = preSolution
		Debug|Any CPU = Debug|Any CPU
		Release|Any CPU = Release|Any CPU
	EndGlobalSection
	GlobalSection(ProjectConfigurationPlatforms) = postSolution
		{A2A0497D-7786-420A-9EC1-49CA97D4A7F2}.Debug|Any CPU.ActiveCfg = Debug|Any CPU
		{A2A0497D-7786-420A-9EC1-49CA97D4A7F2}.Debug|Any CPU.Build.0 = Debug|Any CPU
		{A2A0497D-7786-420A-9EC1-49CA97D4A7F2}.Release|Any CPU.ActiveCfg = Release|Any CPU
		{A2A0497D-7786-420A-9EC1-49CA97D4A7F2}.Release|Any CPU.Build.0 = Release|Any CPU
	EndGlobalSection
	GlobalSection(SolutionProperties) = preSolution
		HideSolutionNode = FALSE
	EndGlobalSection
	GlobalSection(ExtensibilityGlobals) = postSolution
		SolutionGuid = {8D874090-979D-4E4C-A434-4DD3E9903653}
	EndGlobalSection
EndGlobal
